
Microsoft Visual Studio Solution File, Format Version 12.00
# Visual Studio Version 16
VisualStudioVersion = 16.0.30717.126
MinimumVisualStudioVersion = 10.0.40219.1
Project("{2150E333-8FDC-42A3-9474-1A3956D46DE8}") = "docs", "docs", "{A3561011-F4C2-480D-A0F9-244473BC3117}"
EndProject
Project("{2150E333-8FDC-42A3-9474-1A3956D46DE8}") = "src", "src", "{16FF081E-A575-4A43-9973-6A4CA3A1D5C7}"
EndProject
Project("{2150E333-8FDC-42A3-9474-1A3956D46DE8}") = "tests", "tests", "{55206CB7-B619-4CBE-89C7-A6BA63205916}"
EndProject
Project("{2150E333-8FDC-42A3-9474-1A3956D46DE8}") = "Presentation", "Presentation", "{3E3DD47D-D873-4A44-ADE0-C17ED4A6D022}"
EndProject
Project("{2150E333-8FDC-42A3-9474-1A3956D46DE8}") = "Infraestructure", "Infraestructure", "{BC53CF7E-369B-41CA-84EF-162823DDEA71}"
EndProject
Project("{2150E333-8FDC-42A3-9474-1A3956D46DE8}") = "Core", "Core", "{90C40C48-EAAA-4FBF-80E7-2AE874AB034C}"
EndProject
Project("{9A19103F-16F7-4668-BE54-9A1E7A4F7556}") = "MasGlobalTest.Persistence", "Infraestructure\MasGlobalTest.Persistence\MasGlobalTest.Persistence.csproj", "{2AFD84EC-AF68-4AD4-A366-978CD7638575}"
EndProject
Project("{9A19103F-16F7-4668-BE54-9A1E7A4F7556}") = "MasGlobalTest.ExternalServices", "Infraestructure\MasGlobalTest.ExternalServices\MasGlobalTest.ExternalServices\MasGlobalTest.ExternalServices.csproj", "{AF801DB4-3F0E-406E-8DDD-1CDA40A9D37A}"
EndProject
Project("{9A19103F-16F7-4668-BE54-9A1E7A4F7556}") = "MasGlobalTest.Application", "Core\MasGlobalTest.Application\MasGlobalTest.Application.csproj", "{4A96D56B-0BD3-43D5-A1C1-FA98CE8C6F2B}"
EndProject
Project("{9A19103F-16F7-4668-BE54-9A1E7A4F7556}") = "MasGlobalTest.Common", "Core\MasGlobalTest.Common\MasGlobalTest.Common\MasGlobalTest.Common.csproj", "{BE326B07-DD8B-4AAC-B53D-6253A69B13B6}"
EndProject
Project("{9A19103F-16F7-4668-BE54-9A1E7A4F7556}") = "MasGlobalTest.Domain", "Core\MasGlobalTest.Domain\MasGlobalTest.Domain.csproj", "{21EA1BF7-A3C0-4ACE-B6E7-88327AE76601}"
EndProject
Project("{FAE04EC0-301F-11D3-BF4B-00C04F79EFBC}") = "Web", "Presentation\Web\Web\Web.csproj", "{9994C014-9A7A-4D3F-A84C-96763D919D9B}"
EndProject
Project("{FAE04EC0-301F-11D3-BF4B-00C04F79EFBC}") = "Domain.Test", "Test\Domain.Test\Domain.Test.csproj", "{7721B33D-B1E5-4DD5-A372-551E5F059D87}"
EndProject
Global
	GlobalSection(SolutionConfigurationPlatforms) = preSolution
		Debug|Any CPU = Debug|Any CPU
		Release|Any CPU = Release|Any CPU
	EndGlobalSection
	GlobalSection(ProjectConfigurationPlatforms) = postSolution
		{2AFD84EC-AF68-4AD4-A366-978CD7638575}.Debug|Any CPU.ActiveCfg = Debug|Any CPU
		{2AFD84EC-AF68-4AD4-A366-978CD7638575}.Debug|Any CPU.Build.0 = Debug|Any CPU
		{2AFD84EC-AF68-4AD4-A366-978CD7638575}.Release|Any CPU.ActiveCfg = Release|Any CPU
		{2AFD84EC-AF68-4AD4-A366-978CD7638575}.Release|Any CPU.Build.0 = Release|Any CPU
		{AF801DB4-3F0E-406E-8DDD-1CDA40A9D37A}.Debug|Any CPU.ActiveCfg = Debug|Any CPU
		{AF801DB4-3F0E-406E-8DDD-1CDA40A9D37A}.Debug|Any CPU.Build.0 = Debug|Any CPU
		{AF801DB4-3F0E-406E-8DDD-1CDA40A9D37A}.Release|Any CPU.ActiveCfg = Release|Any CPU
		{AF801DB4-3F0E-406E-8DDD-1CDA40A9D37A}.Release|Any CPU.Build.0 = Release|Any CPU
		{4A96D56B-0BD3-43D5-A1C1-FA98CE8C6F2B}.Debug|Any CPU.ActiveCfg = Debug|Any CPU
		{4A96D56B-0BD3-43D5-A1C1-FA98CE8C6F2B}.Debug|Any CPU.Build.0 = Debug|Any CPU
		{4A96D56B-0BD3-43D5-A1C1-FA98CE8C6F2B}.Release|Any CPU.ActiveCfg = Release|Any CPU
		{4A96D56B-0BD3-43D5-A1C1-FA98CE8C6F2B}.Release|Any CPU.Build.0 = Release|Any CPU
		{BE326B07-DD8B-4AAC-B53D-6253A69B13B6}.Debug|Any CPU.ActiveCfg = Debug|Any CPU
		{BE326B07-DD8B-4AAC-B53D-6253A69B13B6}.Debug|Any CPU.Build.0 = Debug|Any CPU
		{BE326B07-DD8B-4AAC-B53D-6253A69B13B6}.Release|Any CPU.ActiveCfg = Release|Any CPU
		{BE326B07-DD8B-4AAC-B53D-6253A69B13B6}.Release|Any CPU.Build.0 = Release|Any CPU
		{21EA1BF7-A3C0-4ACE-B6E7-88327AE76601}.Debug|Any CPU.ActiveCfg = Debug|Any CPU
		{21EA1BF7-A3C0-4ACE-B6E7-88327AE76601}.Debug|Any CPU.Build.0 = Debug|Any CPU
		{21EA1BF7-A3C0-4ACE-B6E7-88327AE76601}.Release|Any CPU.ActiveCfg = Release|Any CPU
		{21EA1BF7-A3C0-4ACE-B6E7-88327AE76601}.Release|Any CPU.Build.0 = Release|Any CPU
		{9994C014-9A7A-4D3F-A84C-96763D919D9B}.Debug|Any CPU.ActiveCfg = Debug|Any CPU
		{9994C014-9A7A-4D3F-A84C-96763D919D9B}.Debug|Any CPU.Build.0 = Debug|Any CPU
		{9994C014-9A7A-4D3F-A84C-96763D919D9B}.Release|Any CPU.ActiveCfg = Release|Any CPU
		{9994C014-9A7A-4D3F-A84C-96763D919D9B}.Release|Any CPU.Build.0 = Release|Any CPU
		{7721B33D-B1E5-4DD5-A372-551E5F059D87}.Debug|Any CPU.ActiveCfg = Debug|Any CPU
		{7721B33D-B1E5-4DD5-A372-551E5F059D87}.Debug|Any CPU.Build.0 = Debug|Any CPU
		{7721B33D-B1E5-4DD5-A372-551E5F059D87}.Release|Any CPU.ActiveCfg = Release|Any CPU
		{7721B33D-B1E5-4DD5-A372-551E5F059D87}.Release|Any CPU.Build.0 = Release|Any CPU
	EndGlobalSection
	GlobalSection(SolutionProperties) = preSolution
		HideSolutionNode = FALSE
	EndGlobalSection
	GlobalSection(NestedProjects) = preSolution
		{3E3DD47D-D873-4A44-ADE0-C17ED4A6D022} = {16FF081E-A575-4A43-9973-6A4CA3A1D5C7}
		{BC53CF7E-369B-41CA-84EF-162823DDEA71} = {16FF081E-A575-4A43-9973-6A4CA3A1D5C7}
		{90C40C48-EAAA-4FBF-80E7-2AE874AB034C} = {16FF081E-A575-4A43-9973-6A4CA3A1D5C7}
		{2AFD84EC-AF68-4AD4-A366-978CD7638575} = {BC53CF7E-369B-41CA-84EF-162823DDEA71}
		{AF801DB4-3F0E-406E-8DDD-1CDA40A9D37A} = {BC53CF7E-369B-41CA-84EF-162823DDEA71}
		{4A96D56B-0BD3-43D5-A1C1-FA98CE8C6F2B} = {90C40C48-EAAA-4FBF-80E7-2AE874AB034C}
		{BE326B07-DD8B-4AAC-B53D-6253A69B13B6} = {90C40C48-EAAA-4FBF-80E7-2AE874AB034C}
		{21EA1BF7-A3C0-4ACE-B6E7-88327AE76601} = {90C40C48-EAAA-4FBF-80E7-2AE874AB034C}
		{9994C014-9A7A-4D3F-A84C-96763D919D9B} = {3E3DD47D-D873-4A44-ADE0-C17ED4A6D022}
		{7721B33D-B1E5-4DD5-A372-551E5F059D87} = {55206CB7-B619-4CBE-89C7-A6BA63205916}
	EndGlobalSection
	GlobalSection(ExtensibilityGlobals) = postSolution
		SolutionGuid = {B17626D5-D9AF-488B-AC28-32A4EB1EDA5C}
	EndGlobalSection
EndGlobal
